
Microsoft Visual Studio Solution File, Format Version 12.00
# Visual Studio Version 17
VisualStudioVersion = 17.14.36127.28 d17.14
MinimumVisualStudioVersion = 10.0.40219.1
Project("{FAE04EC0-301F-11D3-BF4B-00C04F79EFBC}") = "WhatsAppBusinessAPI", "WhatsAppBusinessAPI\WhatsAppBusinessAPI.csproj", "{04352379-6B08-4990-98A6-F77C80259174}"
EndProject
Project("{FAE04EC0-301F-11D3-BF4B-00C04F79EFBC}") = "WhatsAppBusinessBlazorClient", "WhatsAppBusinessBlazorClient\WhatsAppBusinessBlazorClient.csproj", "{F38618E7-8D11-4078-B337-11AB149F3D54}"
EndProject
Global
	GlobalSection(SolutionConfigurationPlatforms) = preSolution
		Debug|Any CPU = Debug|Any CPU
		Release|Any CPU = Release|Any CPU
	EndGlobalSection
	GlobalSection(ProjectConfigurationPlatforms) = postSolution
		{04352379-6B08-4990-98A6-F77C80259174}.Debug|Any CPU.ActiveCfg = Debug|Any CPU
		{04352379-6B08-4990-98A6-F77C80259174}.Debug|Any CPU.Build.0 = Debug|Any CPU
		{04352379-6B08-4990-98A6-F77C80259174}.Release|Any CPU.ActiveCfg = Release|Any CPU
		{04352379-6B08-4990-98A6-F77C80259174}.Release|Any CPU.Build.0 = Release|Any CPU
		{F38618E7-8D11-4078-B337-11AB149F3D54}.Debug|Any CPU.ActiveCfg = Debug|Any CPU
		{F38618E7-8D11-4078-B337-11AB149F3D54}.Debug|Any CPU.Build.0 = Debug|Any CPU
		{F38618E7-8D11-4078-B337-11AB149F3D54}.Release|Any CPU.ActiveCfg = Release|Any CPU
		{F38618E7-8D11-4078-B337-11AB149F3D54}.Release|Any CPU.Build.0 = Release|Any CPU
	EndGlobalSection
	GlobalSection(SolutionProperties) = preSolution
		HideSolutionNode = FALSE
	EndGlobalSection
	GlobalSection(ExtensibilityGlobals) = postSolution
		SolutionGuid = {75A149B1-80FF-476C-B5BE-4E96BBE266E6}
	EndGlobalSection
EndGlobal
